// !$*UTF8*$!
{
	archiveVersion = 1;
	classes = {
	};
	objectVersion = 46;
	objects = {

/* Begin PBXBuildFile section */
		2DA8E25F4D529BF9B5005788 /* libPods-Sueca.a in Frameworks */ = {isa = PBXBuildFile; fileRef = 375883D03AD0486903E2F7E4 /* libPods-Sueca.a */; };
		C50829E71A92902F00081C5D /* AudioToolbox.framework in Frameworks */ = {isa = PBXBuildFile; fileRef = C50829E61A92902F00081C5D /* AudioToolbox.framework */; };
		C50829E91A92903700081C5D /* CFNetwork.framework in Frameworks */ = {isa = PBXBuildFile; fileRef = C50829E81A92903700081C5D /* CFNetwork.framework */; };
		C50829EB1A92904800081C5D /* CoreLocation.framework in Frameworks */ = {isa = PBXBuildFile; fileRef = C50829EA1A92904800081C5D /* CoreLocation.framework */; };
		C50829ED1A92905100081C5D /* MobileCoreServices.framework in Frameworks */ = {isa = PBXBuildFile; fileRef = C50829EC1A92905100081C5D /* MobileCoreServices.framework */; };
		C50829EF1A92906400081C5D /* Security.framework in Frameworks */ = {isa = PBXBuildFile; fileRef = C50829EE1A92906400081C5D /* Security.framework */; };
		C50829F31A92907100081C5D /* SystemConfiguration.framework in Frameworks */ = {isa = PBXBuildFile; fileRef = C50829F21A92907100081C5D /* SystemConfiguration.framework */; };
		C50829F51A92907C00081C5D /* libz.dylib in Frameworks */ = {isa = PBXBuildFile; fileRef = C50829F41A92907C00081C5D /* libz.dylib */; };
		C50829F71A92908500081C5D /* libsqlite3.dylib in Frameworks */ = {isa = PBXBuildFile; fileRef = C50829F61A92908500081C5D /* libsqlite3.dylib */; };
		C50829F91A9BA6F700081C5D /* libstdc++.6.dylib in Frameworks */ = {isa = PBXBuildFile; fileRef = C50829F81A9BA6F700081C5D /* libstdc++.6.dylib */; };
		C5615E67181E82430033FEB3 /* GameViewController.m in Sources */ = {isa = PBXBuildFile; fileRef = C5615E61181E82430033FEB3 /* GameViewController.m */; };
		C5615F31181E948C0033FEB3 /* CoreMotion.framework in Frameworks */ = {isa = PBXBuildFile; fileRef = C5615F30181E948C0033FEB3 /* CoreMotion.framework */; };
		C57CDAEF18217D1A006920A6 /* QuartzCore.framework in Frameworks */ = {isa = PBXBuildFile; fileRef = C57CDAEE18217D1A006920A6 /* QuartzCore.framework */; };
		C57F9FAB1B216EE200C50D0C /* CardDescriptionView.m in Sources */ = {isa = PBXBuildFile; fileRef = C57F9FA81B216EE200C50D0C /* CardDescriptionView.m */; };
		C57F9FAC1B216EE200C50D0C /* CustomIOS7AlertView.m in Sources */ = {isa = PBXBuildFile; fileRef = C57F9FAA1B216EE200C50D0C /* CustomIOS7AlertView.m */; };
		C588D2631D2C5C70004B6CB8 /* NotificationManager.m in Sources */ = {isa = PBXBuildFile; fileRef = C588D2621D2C5C70004B6CB8 /* NotificationManager.m */; };
		C588D2671D2C5CFB004B6CB8 /* CloudKit.framework in Frameworks */ = {isa = PBXBuildFile; fileRef = C588D2661D2C5CFB004B6CB8 /* CloudKit.framework */; };
		C588D26A1D2C8028004B6CB8 /* CloudKitManager.m in Sources */ = {isa = PBXBuildFile; fileRef = C588D2691D2C8028004B6CB8 /* CloudKitManager.m */; };
		C588D26C1D2D057C004B6CB8 /* CardView.xib in Resources */ = {isa = PBXBuildFile; fileRef = C588D26B1D2D057C004B6CB8 /* CardView.xib */; };
		C588D26F1D2D0916004B6CB8 /* PromotionCardView.m in Sources */ = {isa = PBXBuildFile; fileRef = C588D26E1D2D0916004B6CB8 /* PromotionCardView.m */; };
		C58A6C701CDE44A40054613C /* SuecaViewAnimator.m in Sources */ = {isa = PBXBuildFile; fileRef = C58A6C6F1CDE44A40054613C /* SuecaViewAnimator.m */; };
		C5B1FB5819EEA1DF00088FB8 /* CoreData.framework in Frameworks */ = {isa = PBXBuildFile; fileRef = C5B1FB5719EEA1DF00088FB8 /* CoreData.framework */; };
		C5B1FB5B19EEA21B00088FB8 /* Sueca Model.xcdatamodeld in Sources */ = {isa = PBXBuildFile; fileRef = C5B1FB5919EEA21B00088FB8 /* Sueca Model.xcdatamodeld */; };
		C5B1FB5E19EEA57000088FB8 /* DecksViewController.m in Sources */ = {isa = PBXBuildFile; fileRef = C5B1FB5D19EEA57000088FB8 /* DecksViewController.m */; };
		C5B1FB7019EEC2D200088FB8 /* Card.m in Sources */ = {isa = PBXBuildFile; fileRef = C5B1FB6F19EEC2D200088FB8 /* Card.m */; };
		C5B1FB7619EFFC1D00088FB8 /* EditDeckTableViewController.m in Sources */ = {isa = PBXBuildFile; fileRef = C5B1FB7519EFFC1D00088FB8 /* EditDeckTableViewController.m */; };
		C5B1FB7919F0037000088FB8 /* CardRulesCell.m in Sources */ = {isa = PBXBuildFile; fileRef = C5B1FB7819F0037000088FB8 /* CardRulesCell.m */; };
		C5BA12291C7191CC004BFF52 /* SoundManager.m in Sources */ = {isa = PBXBuildFile; fileRef = C5BA12281C7191CC004BFF52 /* SoundManager.m */; };
		C5BA122C1C719463004BFF52 /* iRateCoordinator.m in Sources */ = {isa = PBXBuildFile; fileRef = C5BA122B1C719463004BFF52 /* iRateCoordinator.m */; };
		C5BA12331C7195B5004BFF52 /* AppearanceHelper.m in Sources */ = {isa = PBXBuildFile; fileRef = C5BA12321C7195B5004BFF52 /* AppearanceHelper.m */; };
		C5BA12361C72A4CD004BFF52 /* GameManager.m in Sources */ = {isa = PBXBuildFile; fileRef = C5BA12351C72A4CD004BFF52 /* GameManager.m */; };
		C5BA12391C72A581004BFF52 /* AnalyticsManager.m in Sources */ = {isa = PBXBuildFile; fileRef = C5BA12381C72A581004BFF52 /* AnalyticsManager.m */; };
		C5BA8F771CCE579B0027F2B1 /* UIView+Rounded.m in Sources */ = {isa = PBXBuildFile; fileRef = C5BA8F761CCE579B0027F2B1 /* UIView+Rounded.m */; };
		C5BA8F7C1CCE855D0027F2B1 /* TabBarController.m in Sources */ = {isa = PBXBuildFile; fileRef = C5BA8F7B1CCE855D0027F2B1 /* TabBarController.m */; };
		C5BE5C0A1D2E5600005CFC08 /* ShareViewController.m in Sources */ = {isa = PBXBuildFile; fileRef = C5BE5C091D2E5600005CFC08 /* ShareViewController.m */; };
		C5BE5C0D1D2E641E005CFC08 /* MailComposeViewController.m in Sources */ = {isa = PBXBuildFile; fileRef = C5BE5C0C1D2E641E005CFC08 /* MailComposeViewController.m */; };
		C5BE5C131D2F9A41005CFC08 /* Promotion.m in Sources */ = {isa = PBXBuildFile; fileRef = C5BE5C121D2F9A41005CFC08 /* Promotion.m */; };
		C5BE5C151D30A9ED005CFC08 /* PromotionView.xib in Resources */ = {isa = PBXBuildFile; fileRef = C5BE5C141D30A9ED005CFC08 /* PromotionView.xib */; };
		C5BE5C1C1D30AC71005CFC08 /* PromotionView.m in Sources */ = {isa = PBXBuildFile; fileRef = C5BE5C1B1D30AC71005CFC08 /* PromotionView.m */; };
		C5BE5C1F1D321848005CFC08 /* ErrorManager.m in Sources */ = {isa = PBXBuildFile; fileRef = C5BE5C1E1D321848005CFC08 /* ErrorManager.m */; };
		C5C5AA9618184814005A9625 /* Foundation.framework in Frameworks */ = {isa = PBXBuildFile; fileRef = C5C5AA9518184814005A9625 /* Foundation.framework */; };
		C5C5AA9818184814005A9625 /* CoreGraphics.framework in Frameworks */ = {isa = PBXBuildFile; fileRef = C5C5AA9718184814005A9625 /* CoreGraphics.framework */; };
		C5C5AA9A18184814005A9625 /* UIKit.framework in Frameworks */ = {isa = PBXBuildFile; fileRef = C5C5AA9918184814005A9625 /* UIKit.framework */; };
		C5C5AAA018184814005A9625 /* InfoPlist.strings in Resources */ = {isa = PBXBuildFile; fileRef = C5C5AA9E18184814005A9625 /* InfoPlist.strings */; };
		C5C5AAA218184814005A9625 /* main.m in Sources */ = {isa = PBXBuildFile; fileRef = C5C5AAA118184814005A9625 /* main.m */; };
		C5C5AAA618184814005A9625 /* a20AppDelegate.m in Sources */ = {isa = PBXBuildFile; fileRef = C5C5AAA518184814005A9625 /* a20AppDelegate.m */; };
		C5C5AAA818184814005A9625 /* Images.xcassets in Resources */ = {isa = PBXBuildFile; fileRef = C5C5AAA718184814005A9625 /* Images.xcassets */; };
		C5C5AAB018184814005A9625 /* Foundation.framework in Frameworks */ = {isa = PBXBuildFile; fileRef = C5C5AA9518184814005A9625 /* Foundation.framework */; };
		C5C5AAB118184814005A9625 /* UIKit.framework in Frameworks */ = {isa = PBXBuildFile; fileRef = C5C5AA9918184814005A9625 /* UIKit.framework */; };
		C5C5AAB918184814005A9625 /* InfoPlist.strings in Resources */ = {isa = PBXBuildFile; fileRef = C5C5AAB718184814005A9625 /* InfoPlist.strings */; };
		C5C5AABB18184814005A9625 /* SuecaTests.m in Sources */ = {isa = PBXBuildFile; fileRef = C5C5AABA18184814005A9625 /* SuecaTests.m */; };
		C5CC40991D26053D00F6DCC6 /* iVersionCoordinator.m in Sources */ = {isa = PBXBuildFile; fileRef = C5CC40981D26053D00F6DCC6 /* iVersionCoordinator.m */; };
		C5D5294C1B2916C6003542CD /* Social.framework in Frameworks */ = {isa = PBXBuildFile; fileRef = C5D5294B1B2916C6003542CD /* Social.framework */; };
		C5D5294E1B2916CD003542CD /* Accounts.framework in Frameworks */ = {isa = PBXBuildFile; fileRef = C5D5294D1B2916CD003542CD /* Accounts.framework */; };
		C5D5295A1B29CFAE003542CD /* iVersion.bundle in Resources */ = {isa = PBXBuildFile; fileRef = C5D529571B29CFAE003542CD /* iVersion.bundle */; };
		C5D5295B1B29CFAE003542CD /* iVersion.m in Sources */ = {isa = PBXBuildFile; fileRef = C5D529591B29CFAE003542CD /* iVersion.m */; };
		C5E1A3891CE0A5C000C89C21 /* Launch Screen.storyboard in Resources */ = {isa = PBXBuildFile; fileRef = C5E1A3881CE0A5C000C89C21 /* Launch Screen.storyboard */; };
		C5E9B67A1A3238A600D0171A /* Deck.m in Sources */ = {isa = PBXBuildFile; fileRef = C5E9B6791A3238A600D0171A /* Deck.m */; };
		C5E9B6921A3C86E300D0171A /* cardShuffle.wav in Resources */ = {isa = PBXBuildFile; fileRef = C5E9B6891A3C86E300D0171A /* cardShuffle.wav */; };
		C5E9B6931A3C86E300D0171A /* cardSlide1.wav in Resources */ = {isa = PBXBuildFile; fileRef = C5E9B68A1A3C86E300D0171A /* cardSlide1.wav */; };
		C5E9B6941A3C86E300D0171A /* cardSlide2.wav in Resources */ = {isa = PBXBuildFile; fileRef = C5E9B68B1A3C86E300D0171A /* cardSlide2.wav */; };
		C5E9B6951A3C86E300D0171A /* cardSlide3.wav in Resources */ = {isa = PBXBuildFile; fileRef = C5E9B68C1A3C86E300D0171A /* cardSlide3.wav */; };
		C5E9B6961A3C86E300D0171A /* cardSlide4.wav in Resources */ = {isa = PBXBuildFile; fileRef = C5E9B68D1A3C86E300D0171A /* cardSlide4.wav */; };
		C5E9B6971A3C86E300D0171A /* cardSlide5.wav in Resources */ = {isa = PBXBuildFile; fileRef = C5E9B68E1A3C86E300D0171A /* cardSlide5.wav */; };
		C5E9B6981A3C86E300D0171A /* cardSlide6.wav in Resources */ = {isa = PBXBuildFile; fileRef = C5E9B68F1A3C86E300D0171A /* cardSlide6.wav */; };
		C5E9B6991A3C86E300D0171A /* cardSlide7.wav in Resources */ = {isa = PBXBuildFile; fileRef = C5E9B6901A3C86E300D0171A /* cardSlide7.wav */; };
		C5E9B69A1A3C86E300D0171A /* cardSlide0.wav in Resources */ = {isa = PBXBuildFile; fileRef = C5E9B6911A3C86E300D0171A /* cardSlide0.wav */; };
		C5F3B51019B53F2C006D6257 /* iRate.bundle in Resources */ = {isa = PBXBuildFile; fileRef = C5F3B50D19B53F2C006D6257 /* iRate.bundle */; };
		C5F3B51119B53F2C006D6257 /* iRate.m in Sources */ = {isa = PBXBuildFile; fileRef = C5F3B50F19B53F2C006D6257 /* iRate.m */; };
		C5F3B51419B54481006D6257 /* Storyboard.storyboard in Resources */ = {isa = PBXBuildFile; fileRef = C5F3B51619B54481006D6257 /* Storyboard.storyboard */; };
		C5F3B51D19B54603006D6257 /* Localizable.strings in Resources */ = {isa = PBXBuildFile; fileRef = C5F3B51B19B54603006D6257 /* Localizable.strings */; };
		C5F5E7431CCF1CAE00BE8C8F /* SuecaSwipeDeterminator.m in Sources */ = {isa = PBXBuildFile; fileRef = C5F5E7421CCF1CAE00BE8C8F /* SuecaSwipeDeterminator.m */; };
		C5F5E7461CCF2B1A00BE8C8F /* CardView.m in Sources */ = {isa = PBXBuildFile; fileRef = C5F5E7451CCF2B1A00BE8C8F /* CardView.m */; };
		C5FCFE671B88EC740034892D /* SuecaNotificationDesign.json in Resources */ = {isa = PBXBuildFile; fileRef = C5FCFE661B88EC740034892D /* SuecaNotificationDesign.json */; };
/* End PBXBuildFile section */

/* Begin PBXContainerItemProxy section */
		C5C5AAB218184814005A9625 /* PBXContainerItemProxy */ = {
			isa = PBXContainerItemProxy;
			containerPortal = C5C5AA8A18184813005A9625 /* Project object */;
			proxyType = 1;
			remoteGlobalIDString = C5C5AA9118184814005A9625;
			remoteInfo = Sueca;
		};
/* End PBXContainerItemProxy section */

/* Begin PBXFileReference section */
		13D3B169B1A142417981D457 /* Pods-Sueca.debug.xcconfig */ = {isa = PBXFileReference; includeInIndex = 1; lastKnownFileType = text.xcconfig; name = "Pods-Sueca.debug.xcconfig"; path = "Pods/Target Support Files/Pods-Sueca/Pods-Sueca.debug.xcconfig"; sourceTree = "<group>"; };
		375883D03AD0486903E2F7E4 /* libPods-Sueca.a */ = {isa = PBXFileReference; explicitFileType = archive.ar; includeInIndex = 0; path = "libPods-Sueca.a"; sourceTree = BUILT_PRODUCTS_DIR; };
		484B399077EAB67D51198CD5 /* Pods-Sueca.release.xcconfig */ = {isa = PBXFileReference; includeInIndex = 1; lastKnownFileType = text.xcconfig; name = "Pods-Sueca.release.xcconfig"; path = "Pods/Target Support Files/Pods-Sueca/Pods-Sueca.release.xcconfig"; sourceTree = "<group>"; };
		C50829E61A92902F00081C5D /* AudioToolbox.framework */ = {isa = PBXFileReference; lastKnownFileType = wrapper.framework; name = AudioToolbox.framework; path = System/Library/Frameworks/AudioToolbox.framework; sourceTree = SDKROOT; };
		C50829E81A92903700081C5D /* CFNetwork.framework */ = {isa = PBXFileReference; lastKnownFileType = wrapper.framework; name = CFNetwork.framework; path = System/Library/Frameworks/CFNetwork.framework; sourceTree = SDKROOT; };
		C50829EA1A92904800081C5D /* CoreLocation.framework */ = {isa = PBXFileReference; lastKnownFileType = wrapper.framework; name = CoreLocation.framework; path = System/Library/Frameworks/CoreLocation.framework; sourceTree = SDKROOT; };
		C50829EC1A92905100081C5D /* MobileCoreServices.framework */ = {isa = PBXFileReference; lastKnownFileType = wrapper.framework; name = MobileCoreServices.framework; path = System/Library/Frameworks/MobileCoreServices.framework; sourceTree = SDKROOT; };
		C50829EE1A92906400081C5D /* Security.framework */ = {isa = PBXFileReference; lastKnownFileType = wrapper.framework; name = Security.framework; path = System/Library/Frameworks/Security.framework; sourceTree = SDKROOT; };
		C50829F21A92907100081C5D /* SystemConfiguration.framework */ = {isa = PBXFileReference; lastKnownFileType = wrapper.framework; name = SystemConfiguration.framework; path = System/Library/Frameworks/SystemConfiguration.framework; sourceTree = SDKROOT; };
		C50829F41A92907C00081C5D /* libz.dylib */ = {isa = PBXFileReference; lastKnownFileType = "compiled.mach-o.dylib"; name = libz.dylib; path = usr/lib/libz.dylib; sourceTree = SDKROOT; };
		C50829F61A92908500081C5D /* libsqlite3.dylib */ = {isa = PBXFileReference; lastKnownFileType = "compiled.mach-o.dylib"; name = libsqlite3.dylib; path = usr/lib/libsqlite3.dylib; sourceTree = SDKROOT; };
		C50829F81A9BA6F700081C5D /* libstdc++.6.dylib */ = {isa = PBXFileReference; lastKnownFileType = "compiled.mach-o.dylib"; name = "libstdc++.6.dylib"; path = "usr/lib/libstdc++.6.dylib"; sourceTree = SDKROOT; };
		C5615E60181E82430033FEB3 /* GameViewController.h */ = {isa = PBXFileReference; fileEncoding = 4; lastKnownFileType = sourcecode.c.h; lineEnding = 0; path = GameViewController.h; sourceTree = "<group>"; xcLanguageSpecificationIdentifier = xcode.lang.objcpp; };
		C5615E61181E82430033FEB3 /* GameViewController.m */ = {isa = PBXFileReference; fileEncoding = 4; lastKnownFileType = sourcecode.c.objc; path = GameViewController.m; sourceTree = "<group>"; };
		C5615F30181E948C0033FEB3 /* CoreMotion.framework */ = {isa = PBXFileReference; lastKnownFileType = wrapper.framework; name = CoreMotion.framework; path = System/Library/Frameworks/CoreMotion.framework; sourceTree = SDKROOT; };
		C57CDAEE18217D1A006920A6 /* QuartzCore.framework */ = {isa = PBXFileReference; lastKnownFileType = wrapper.framework; name = QuartzCore.framework; path = System/Library/Frameworks/QuartzCore.framework; sourceTree = SDKROOT; };
		C57F9FA71B216EE200C50D0C /* CardDescriptionView.h */ = {isa = PBXFileReference; fileEncoding = 4; lastKnownFileType = sourcecode.c.h; path = CardDescriptionView.h; sourceTree = "<group>"; };
		C57F9FA81B216EE200C50D0C /* CardDescriptionView.m */ = {isa = PBXFileReference; fileEncoding = 4; lastKnownFileType = sourcecode.c.objc; path = CardDescriptionView.m; sourceTree = "<group>"; };
		C57F9FA91B216EE200C50D0C /* CustomIOS7AlertView.h */ = {isa = PBXFileReference; fileEncoding = 4; lastKnownFileType = sourcecode.c.h; path = CustomIOS7AlertView.h; sourceTree = "<group>"; };
		C57F9FAA1B216EE200C50D0C /* CustomIOS7AlertView.m */ = {isa = PBXFileReference; fileEncoding = 4; lastKnownFileType = sourcecode.c.objc; path = CustomIOS7AlertView.m; sourceTree = "<group>"; };
		C588D2611D2C5C70004B6CB8 /* NotificationManager.h */ = {isa = PBXFileReference; fileEncoding = 4; lastKnownFileType = sourcecode.c.h; path = NotificationManager.h; sourceTree = "<group>"; };
		C588D2621D2C5C70004B6CB8 /* NotificationManager.m */ = {isa = PBXFileReference; fileEncoding = 4; lastKnownFileType = sourcecode.c.objc; path = NotificationManager.m; sourceTree = "<group>"; };
		C588D2651D2C5CB7004B6CB8 /* Sueca.entitlements */ = {isa = PBXFileReference; lastKnownFileType = text.xml; path = Sueca.entitlements; sourceTree = "<group>"; };
		C588D2661D2C5CFB004B6CB8 /* CloudKit.framework */ = {isa = PBXFileReference; lastKnownFileType = wrapper.framework; name = CloudKit.framework; path = System/Library/Frameworks/CloudKit.framework; sourceTree = SDKROOT; };
		C588D2681D2C8028004B6CB8 /* CloudKitManager.h */ = {isa = PBXFileReference; fileEncoding = 4; lastKnownFileType = sourcecode.c.h; path = CloudKitManager.h; sourceTree = "<group>"; };
		C588D2691D2C8028004B6CB8 /* CloudKitManager.m */ = {isa = PBXFileReference; fileEncoding = 4; lastKnownFileType = sourcecode.c.objc; path = CloudKitManager.m; sourceTree = "<group>"; };
		C588D26B1D2D057C004B6CB8 /* CardView.xib */ = {isa = PBXFileReference; fileEncoding = 4; lastKnownFileType = file.xib; path = CardView.xib; sourceTree = "<group>"; };
		C588D26D1D2D0916004B6CB8 /* PromotionCardView.h */ = {isa = PBXFileReference; fileEncoding = 4; lastKnownFileType = sourcecode.c.h; path = PromotionCardView.h; sourceTree = "<group>"; };
		C588D26E1D2D0916004B6CB8 /* PromotionCardView.m */ = {isa = PBXFileReference; fileEncoding = 4; lastKnownFileType = sourcecode.c.objc; path = PromotionCardView.m; sourceTree = "<group>"; };
		C58A6C6E1CDE44A40054613C /* SuecaViewAnimator.h */ = {isa = PBXFileReference; fileEncoding = 4; lastKnownFileType = sourcecode.c.h; path = SuecaViewAnimator.h; sourceTree = "<group>"; };
		C58A6C6F1CDE44A40054613C /* SuecaViewAnimator.m */ = {isa = PBXFileReference; fileEncoding = 4; lastKnownFileType = sourcecode.c.objc; path = SuecaViewAnimator.m; sourceTree = "<group>"; };
		C5B1FB5719EEA1DF00088FB8 /* CoreData.framework */ = {isa = PBXFileReference; lastKnownFileType = wrapper.framework; name = CoreData.framework; path = System/Library/Frameworks/CoreData.framework; sourceTree = SDKROOT; };
		C5B1FB5A19EEA21B00088FB8 /* Sueca Model.xcdatamodel */ = {isa = PBXFileReference; lastKnownFileType = wrapper.xcdatamodel; path = "Sueca Model.xcdatamodel"; sourceTree = "<group>"; };
		C5B1FB5C19EEA57000088FB8 /* DecksViewController.h */ = {isa = PBXFileReference; fileEncoding = 4; lastKnownFileType = sourcecode.c.h; path = DecksViewController.h; sourceTree = "<group>"; };
		C5B1FB5D19EEA57000088FB8 /* DecksViewController.m */ = {isa = PBXFileReference; fileEncoding = 4; lastKnownFileType = sourcecode.c.objc; path = DecksViewController.m; sourceTree = "<group>"; };
		C5B1FB6E19EEC2D200088FB8 /* Card.h */ = {isa = PBXFileReference; fileEncoding = 4; lastKnownFileType = sourcecode.c.h; path = Card.h; sourceTree = "<group>"; };
		C5B1FB6F19EEC2D200088FB8 /* Card.m */ = {isa = PBXFileReference; fileEncoding = 4; lastKnownFileType = sourcecode.c.objc; path = Card.m; sourceTree = "<group>"; };
		C5B1FB7419EFFC1D00088FB8 /* EditDeckTableViewController.h */ = {isa = PBXFileReference; fileEncoding = 4; lastKnownFileType = sourcecode.c.h; path = EditDeckTableViewController.h; sourceTree = "<group>"; };
		C5B1FB7519EFFC1D00088FB8 /* EditDeckTableViewController.m */ = {isa = PBXFileReference; fileEncoding = 4; lastKnownFileType = sourcecode.c.objc; path = EditDeckTableViewController.m; sourceTree = "<group>"; };
		C5B1FB7719F0037000088FB8 /* CardRulesCell.h */ = {isa = PBXFileReference; fileEncoding = 4; lastKnownFileType = sourcecode.c.h; path = CardRulesCell.h; sourceTree = "<group>"; };
		C5B1FB7819F0037000088FB8 /* CardRulesCell.m */ = {isa = PBXFileReference; fileEncoding = 4; lastKnownFileType = sourcecode.c.objc; path = CardRulesCell.m; sourceTree = "<group>"; };
		C5BA12271C7191CC004BFF52 /* SoundManager.h */ = {isa = PBXFileReference; fileEncoding = 4; lastKnownFileType = sourcecode.c.h; path = SoundManager.h; sourceTree = "<group>"; };
		C5BA12281C7191CC004BFF52 /* SoundManager.m */ = {isa = PBXFileReference; fileEncoding = 4; lastKnownFileType = sourcecode.c.objc; path = SoundManager.m; sourceTree = "<group>"; };
		C5BA122A1C719463004BFF52 /* iRateCoordinator.h */ = {isa = PBXFileReference; fileEncoding = 4; lastKnownFileType = sourcecode.c.h; path = iRateCoordinator.h; sourceTree = "<group>"; };
		C5BA122B1C719463004BFF52 /* iRateCoordinator.m */ = {isa = PBXFileReference; fileEncoding = 4; lastKnownFileType = sourcecode.c.objc; path = iRateCoordinator.m; sourceTree = "<group>"; };
		C5BA12311C7195B5004BFF52 /* AppearanceHelper.h */ = {isa = PBXFileReference; fileEncoding = 4; lastKnownFileType = sourcecode.c.h; path = AppearanceHelper.h; sourceTree = "<group>"; };
		C5BA12321C7195B5004BFF52 /* AppearanceHelper.m */ = {isa = PBXFileReference; fileEncoding = 4; lastKnownFileType = sourcecode.c.objc; path = AppearanceHelper.m; sourceTree = "<group>"; };
		C5BA12341C72A4CD004BFF52 /* GameManager.h */ = {isa = PBXFileReference; fileEncoding = 4; lastKnownFileType = sourcecode.c.h; path = GameManager.h; sourceTree = "<group>"; };
		C5BA12351C72A4CD004BFF52 /* GameManager.m */ = {isa = PBXFileReference; fileEncoding = 4; lastKnownFileType = sourcecode.c.objc; path = GameManager.m; sourceTree = "<group>"; };
		C5BA12371C72A581004BFF52 /* AnalyticsManager.h */ = {isa = PBXFileReference; fileEncoding = 4; lastKnownFileType = sourcecode.c.h; path = AnalyticsManager.h; sourceTree = "<group>"; };
		C5BA12381C72A581004BFF52 /* AnalyticsManager.m */ = {isa = PBXFileReference; fileEncoding = 4; lastKnownFileType = sourcecode.c.objc; path = AnalyticsManager.m; sourceTree = "<group>"; };
		C5BA8F751CCE579B0027F2B1 /* UIView+Rounded.h */ = {isa = PBXFileReference; fileEncoding = 4; lastKnownFileType = sourcecode.c.h; path = "UIView+Rounded.h"; sourceTree = "<group>"; };
		C5BA8F761CCE579B0027F2B1 /* UIView+Rounded.m */ = {isa = PBXFileReference; fileEncoding = 4; lastKnownFileType = sourcecode.c.objc; path = "UIView+Rounded.m"; sourceTree = "<group>"; };
		C5BA8F7A1CCE855D0027F2B1 /* TabBarController.h */ = {isa = PBXFileReference; fileEncoding = 4; lastKnownFileType = sourcecode.c.h; path = TabBarController.h; sourceTree = "<group>"; };
		C5BA8F7B1CCE855D0027F2B1 /* TabBarController.m */ = {isa = PBXFileReference; fileEncoding = 4; lastKnownFileType = sourcecode.c.objc; path = TabBarController.m; sourceTree = "<group>"; };
		C5BE5C081D2E5600005CFC08 /* ShareViewController.h */ = {isa = PBXFileReference; fileEncoding = 4; lastKnownFileType = sourcecode.c.h; path = ShareViewController.h; sourceTree = "<group>"; };
		C5BE5C091D2E5600005CFC08 /* ShareViewController.m */ = {isa = PBXFileReference; fileEncoding = 4; lastKnownFileType = sourcecode.c.objc; path = ShareViewController.m; sourceTree = "<group>"; };
		C5BE5C0B1D2E641E005CFC08 /* MailComposeViewController.h */ = {isa = PBXFileReference; fileEncoding = 4; lastKnownFileType = sourcecode.c.h; path = MailComposeViewController.h; sourceTree = "<group>"; };
		C5BE5C0C1D2E641E005CFC08 /* MailComposeViewController.m */ = {isa = PBXFileReference; fileEncoding = 4; lastKnownFileType = sourcecode.c.objc; path = MailComposeViewController.m; sourceTree = "<group>"; };
		C5BE5C111D2F9A41005CFC08 /* Promotion.h */ = {isa = PBXFileReference; fileEncoding = 4; lastKnownFileType = sourcecode.c.h; path = Promotion.h; sourceTree = "<group>"; };
		C5BE5C121D2F9A41005CFC08 /* Promotion.m */ = {isa = PBXFileReference; fileEncoding = 4; lastKnownFileType = sourcecode.c.objc; path = Promotion.m; sourceTree = "<group>"; };
		C5BE5C141D30A9ED005CFC08 /* PromotionView.xib */ = {isa = PBXFileReference; fileEncoding = 4; lastKnownFileType = file.xib; path = PromotionView.xib; sourceTree = "<group>"; };
		C5BE5C1A1D30AC71005CFC08 /* PromotionView.h */ = {isa = PBXFileReference; fileEncoding = 4; lastKnownFileType = sourcecode.c.h; path = PromotionView.h; sourceTree = "<group>"; };
		C5BE5C1B1D30AC71005CFC08 /* PromotionView.m */ = {isa = PBXFileReference; fileEncoding = 4; lastKnownFileType = sourcecode.c.objc; path = PromotionView.m; sourceTree = "<group>"; };
		C5BE5C1D1D321848005CFC08 /* ErrorManager.h */ = {isa = PBXFileReference; fileEncoding = 4; lastKnownFileType = sourcecode.c.h; path = ErrorManager.h; sourceTree = "<group>"; };
		C5BE5C1E1D321848005CFC08 /* ErrorManager.m */ = {isa = PBXFileReference; fileEncoding = 4; lastKnownFileType = sourcecode.c.objc; path = ErrorManager.m; sourceTree = "<group>"; };
		C5C5AA9218184814005A9625 /* Sueca.app */ = {isa = PBXFileReference; explicitFileType = wrapper.application; includeInIndex = 0; path = Sueca.app; sourceTree = BUILT_PRODUCTS_DIR; };
		C5C5AA9518184814005A9625 /* Foundation.framework */ = {isa = PBXFileReference; lastKnownFileType = wrapper.framework; name = Foundation.framework; path = System/Library/Frameworks/Foundation.framework; sourceTree = SDKROOT; };
		C5C5AA9718184814005A9625 /* CoreGraphics.framework */ = {isa = PBXFileReference; lastKnownFileType = wrapper.framework; name = CoreGraphics.framework; path = System/Library/Frameworks/CoreGraphics.framework; sourceTree = SDKROOT; };
		C5C5AA9918184814005A9625 /* UIKit.framework */ = {isa = PBXFileReference; lastKnownFileType = wrapper.framework; name = UIKit.framework; path = System/Library/Frameworks/UIKit.framework; sourceTree = SDKROOT; };
		C5C5AA9D18184814005A9625 /* Sueca-Info.plist */ = {isa = PBXFileReference; lastKnownFileType = text.plist.xml; path = "Sueca-Info.plist"; sourceTree = "<group>"; };
		C5C5AA9F18184814005A9625 /* en */ = {isa = PBXFileReference; lastKnownFileType = text.plist.strings; name = en; path = en.lproj/InfoPlist.strings; sourceTree = "<group>"; };
		C5C5AAA118184814005A9625 /* main.m */ = {isa = PBXFileReference; lastKnownFileType = sourcecode.c.objc; path = main.m; sourceTree = "<group>"; };
		C5C5AAA318184814005A9625 /* Sueca-Prefix.pch */ = {isa = PBXFileReference; lastKnownFileType = sourcecode.c.h; path = "Sueca-Prefix.pch"; sourceTree = "<group>"; };
		C5C5AAA418184814005A9625 /* a20AppDelegate.h */ = {isa = PBXFileReference; lastKnownFileType = sourcecode.c.h; path = a20AppDelegate.h; sourceTree = "<group>"; };
		C5C5AAA518184814005A9625 /* a20AppDelegate.m */ = {isa = PBXFileReference; lastKnownFileType = sourcecode.c.objc; path = a20AppDelegate.m; sourceTree = "<group>"; };
		C5C5AAA718184814005A9625 /* Images.xcassets */ = {isa = PBXFileReference; lastKnownFileType = folder.assetcatalog; path = Images.xcassets; sourceTree = "<group>"; };
		C5C5AAAD18184814005A9625 /* SuecaTests.xctest */ = {isa = PBXFileReference; explicitFileType = wrapper.cfbundle; includeInIndex = 0; path = SuecaTests.xctest; sourceTree = BUILT_PRODUCTS_DIR; };
		C5C5AAB618184814005A9625 /* SuecaTests-Info.plist */ = {isa = PBXFileReference; lastKnownFileType = text.plist.xml; path = "SuecaTests-Info.plist"; sourceTree = "<group>"; };
		C5C5AAB818184814005A9625 /* en */ = {isa = PBXFileReference; lastKnownFileType = text.plist.strings; name = en; path = en.lproj/InfoPlist.strings; sourceTree = "<group>"; };
		C5C5AABA18184814005A9625 /* SuecaTests.m */ = {isa = PBXFileReference; lastKnownFileType = sourcecode.c.objc; path = SuecaTests.m; sourceTree = "<group>"; };
		C5CC40961D25D4AB00F6DCC6 /* Constants.h */ = {isa = PBXFileReference; lastKnownFileType = sourcecode.c.h; path = Constants.h; sourceTree = "<group>"; };
		C5CC40971D26053D00F6DCC6 /* iVersionCoordinator.h */ = {isa = PBXFileReference; fileEncoding = 4; lastKnownFileType = sourcecode.c.h; path = iVersionCoordinator.h; sourceTree = "<group>"; };
		C5CC40981D26053D00F6DCC6 /* iVersionCoordinator.m */ = {isa = PBXFileReference; fileEncoding = 4; lastKnownFileType = sourcecode.c.objc; path = iVersionCoordinator.m; sourceTree = "<group>"; };
		C5D5294B1B2916C6003542CD /* Social.framework */ = {isa = PBXFileReference; lastKnownFileType = wrapper.framework; name = Social.framework; path = System/Library/Frameworks/Social.framework; sourceTree = SDKROOT; };
		C5D5294D1B2916CD003542CD /* Accounts.framework */ = {isa = PBXFileReference; lastKnownFileType = wrapper.framework; name = Accounts.framework; path = System/Library/Frameworks/Accounts.framework; sourceTree = SDKROOT; };
		C5D529571B29CFAE003542CD /* iVersion.bundle */ = {isa = PBXFileReference; lastKnownFileType = "wrapper.plug-in"; path = iVersion.bundle; sourceTree = "<group>"; };
		C5D529581B29CFAE003542CD /* iVersion.h */ = {isa = PBXFileReference; fileEncoding = 4; lastKnownFileType = sourcecode.c.h; path = iVersion.h; sourceTree = "<group>"; };
		C5D529591B29CFAE003542CD /* iVersion.m */ = {isa = PBXFileReference; fileEncoding = 4; lastKnownFileType = sourcecode.c.objc; path = iVersion.m; sourceTree = "<group>"; };
		C5E1A3881CE0A5C000C89C21 /* Launch Screen.storyboard */ = {isa = PBXFileReference; fileEncoding = 4; lastKnownFileType = file.storyboard; path = "Launch Screen.storyboard"; sourceTree = "<group>"; };
		C5E59F851B39512600DB76BB /* Base */ = {isa = PBXFileReference; lastKnownFileType = text.plist.strings; name = Base; path = Base.lproj/Localizable.strings; sourceTree = "<group>"; };
		C5E6FE301B2121CC005D70C0 /* de */ = {isa = PBXFileReference; lastKnownFileType = text.plist.strings; name = de; path = de.lproj/Storyboard.strings; sourceTree = "<group>"; };
		C5E6FE311B2121CC005D70C0 /* de */ = {isa = PBXFileReference; lastKnownFileType = text.plist.strings; name = de; path = de.lproj/Localizable.strings; sourceTree = "<group>"; };
		C5E6FE321B2121CC005D70C0 /* de */ = {isa = PBXFileReference; lastKnownFileType = text.plist.strings; name = de; path = de.lproj/InfoPlist.strings; sourceTree = "<group>"; };
		C5E6FE331B2121CC005D70C0 /* de */ = {isa = PBXFileReference; lastKnownFileType = text.plist.strings; name = de; path = de.lproj/InfoPlist.strings; sourceTree = "<group>"; };
		C5E9B6771A3237C100D0171A /* Sueca Model 2.xcdatamodel */ = {isa = PBXFileReference; lastKnownFileType = wrapper.xcdatamodel; path = "Sueca Model 2.xcdatamodel"; sourceTree = "<group>"; };
		C5E9B6781A3238A600D0171A /* Deck.h */ = {isa = PBXFileReference; fileEncoding = 4; lastKnownFileType = sourcecode.c.h; path = Deck.h; sourceTree = "<group>"; };
		C5E9B6791A3238A600D0171A /* Deck.m */ = {isa = PBXFileReference; fileEncoding = 4; lastKnownFileType = sourcecode.c.objc; path = Deck.m; sourceTree = "<group>"; };
		C5E9B6851A3B2AD900D0171A /* en */ = {isa = PBXFileReference; lastKnownFileType = text.plist.strings; name = en; path = en.lproj/Storyboard.strings; sourceTree = "<group>"; };
		C5E9B6871A3B2ADB00D0171A /* pt */ = {isa = PBXFileReference; lastKnownFileType = text.plist.strings; name = pt; path = pt.lproj/Storyboard.strings; sourceTree = "<group>"; };
		C5E9B6891A3C86E300D0171A /* cardShuffle.wav */ = {isa = PBXFileReference; lastKnownFileType = audio.wav; path = cardShuffle.wav; sourceTree = "<group>"; };
		C5E9B68A1A3C86E300D0171A /* cardSlide1.wav */ = {isa = PBXFileReference; lastKnownFileType = audio.wav; path = cardSlide1.wav; sourceTree = "<group>"; };
		C5E9B68B1A3C86E300D0171A /* cardSlide2.wav */ = {isa = PBXFileReference; lastKnownFileType = audio.wav; path = cardSlide2.wav; sourceTree = "<group>"; };
		C5E9B68C1A3C86E300D0171A /* cardSlide3.wav */ = {isa = PBXFileReference; lastKnownFileType = audio.wav; path = cardSlide3.wav; sourceTree = "<group>"; };
		C5E9B68D1A3C86E300D0171A /* cardSlide4.wav */ = {isa = PBXFileReference; lastKnownFileType = audio.wav; path = cardSlide4.wav; sourceTree = "<group>"; };
		C5E9B68E1A3C86E300D0171A /* cardSlide5.wav */ = {isa = PBXFileReference; lastKnownFileType = audio.wav; path = cardSlide5.wav; sourceTree = "<group>"; };
		C5E9B68F1A3C86E300D0171A /* cardSlide6.wav */ = {isa = PBXFileReference; lastKnownFileType = audio.wav; path = cardSlide6.wav; sourceTree = "<group>"; };
		C5E9B6901A3C86E300D0171A /* cardSlide7.wav */ = {isa = PBXFileReference; lastKnownFileType = audio.wav; path = cardSlide7.wav; sourceTree = "<group>"; };
		C5E9B6911A3C86E300D0171A /* cardSlide0.wav */ = {isa = PBXFileReference; lastKnownFileType = audio.wav; path = cardSlide0.wav; sourceTree = "<group>"; };
		C5F3B50D19B53F2C006D6257 /* iRate.bundle */ = {isa = PBXFileReference; lastKnownFileType = "wrapper.plug-in"; path = iRate.bundle; sourceTree = "<group>"; };
		C5F3B50E19B53F2C006D6257 /* iRate.h */ = {isa = PBXFileReference; fileEncoding = 4; lastKnownFileType = sourcecode.c.h; path = iRate.h; sourceTree = "<group>"; };
		C5F3B50F19B53F2C006D6257 /* iRate.m */ = {isa = PBXFileReference; fileEncoding = 4; lastKnownFileType = sourcecode.c.objc; path = iRate.m; sourceTree = "<group>"; };
		C5F3B51219B54409006D6257 /* pt */ = {isa = PBXFileReference; lastKnownFileType = text.plist.strings; name = pt; path = pt.lproj/InfoPlist.strings; sourceTree = "<group>"; };
		C5F3B51319B54409006D6257 /* pt */ = {isa = PBXFileReference; lastKnownFileType = text.plist.strings; name = pt; path = pt.lproj/InfoPlist.strings; sourceTree = "<group>"; };
		C5F3B51C19B54603006D6257 /* en */ = {isa = PBXFileReference; lastKnownFileType = text.plist.strings; name = en; path = en.lproj/Localizable.strings; sourceTree = "<group>"; };
		C5F3B51E19B5460F006D6257 /* pt */ = {isa = PBXFileReference; lastKnownFileType = text.plist.strings; name = pt; path = pt.lproj/Localizable.strings; sourceTree = "<group>"; };
		C5F3B52019B551AF006D6257 /* Base */ = {isa = PBXFileReference; lastKnownFileType = file.storyboard; name = Base; path = Base.lproj/Storyboard.storyboard; sourceTree = "<group>"; };
		C5F5E7411CCF1CAE00BE8C8F /* SuecaSwipeDeterminator.h */ = {isa = PBXFileReference; fileEncoding = 4; lastKnownFileType = sourcecode.c.h; path = SuecaSwipeDeterminator.h; sourceTree = "<group>"; };
		C5F5E7421CCF1CAE00BE8C8F /* SuecaSwipeDeterminator.m */ = {isa = PBXFileReference; fileEncoding = 4; lastKnownFileType = sourcecode.c.objc; path = SuecaSwipeDeterminator.m; sourceTree = "<group>"; };
		C5F5E7441CCF2B1A00BE8C8F /* CardView.h */ = {isa = PBXFileReference; fileEncoding = 4; lastKnownFileType = sourcecode.c.h; path = CardView.h; sourceTree = "<group>"; };
		C5F5E7451CCF2B1A00BE8C8F /* CardView.m */ = {isa = PBXFileReference; fileEncoding = 4; lastKnownFileType = sourcecode.c.objc; path = CardView.m; sourceTree = "<group>"; };
		C5FCFE661B88EC740034892D /* SuecaNotificationDesign.json */ = {isa = PBXFileReference; fileEncoding = 4; lastKnownFileType = text.json; path = SuecaNotificationDesign.json; sourceTree = "<group>"; };
/* End PBXFileReference section */

/* Begin PBXFrameworksBuildPhase section */
		C5C5AA8F18184814005A9625 /* Frameworks */ = {
			isa = PBXFrameworksBuildPhase;
			buildActionMask = 2147483647;
			files = (
				C5D5294E1B2916CD003542CD /* Accounts.framework in Frameworks */,
				C588D2671D2C5CFB004B6CB8 /* CloudKit.framework in Frameworks */,
				C5D5294C1B2916C6003542CD /* Social.framework in Frameworks */,
				C50829F91A9BA6F700081C5D /* libstdc++.6.dylib in Frameworks */,
				C50829F71A92908500081C5D /* libsqlite3.dylib in Frameworks */,
				C50829F51A92907C00081C5D /* libz.dylib in Frameworks */,
				C50829F31A92907100081C5D /* SystemConfiguration.framework in Frameworks */,
				C50829EF1A92906400081C5D /* Security.framework in Frameworks */,
				C57CDAEF18217D1A006920A6 /* QuartzCore.framework in Frameworks */,
				C50829ED1A92905100081C5D /* MobileCoreServices.framework in Frameworks */,
				C50829EB1A92904800081C5D /* CoreLocation.framework in Frameworks */,
				C5C5AA9818184814005A9625 /* CoreGraphics.framework in Frameworks */,
				C50829E91A92903700081C5D /* CFNetwork.framework in Frameworks */,
				C50829E71A92902F00081C5D /* AudioToolbox.framework in Frameworks */,
				C5B1FB5819EEA1DF00088FB8 /* CoreData.framework in Frameworks */,
				C5615F31181E948C0033FEB3 /* CoreMotion.framework in Frameworks */,
				C5C5AA9A18184814005A9625 /* UIKit.framework in Frameworks */,
				C5C5AA9618184814005A9625 /* Foundation.framework in Frameworks */,
				2DA8E25F4D529BF9B5005788 /* libPods-Sueca.a in Frameworks */,
			);
			runOnlyForDeploymentPostprocessing = 0;
		};
		C5C5AAAA18184814005A9625 /* Frameworks */ = {
			isa = PBXFrameworksBuildPhase;
			buildActionMask = 2147483647;
			files = (
				C5C5AAB118184814005A9625 /* UIKit.framework in Frameworks */,
				C5C5AAB018184814005A9625 /* Foundation.framework in Frameworks */,
			);
			runOnlyForDeploymentPostprocessing = 0;
		};
/* End PBXFrameworksBuildPhase section */

/* Begin PBXGroup section */
		58D0556F022E2E416841634F /* Pods */ = {
			isa = PBXGroup;
			children = (
				13D3B169B1A142417981D457 /* Pods-Sueca.debug.xcconfig */,
				484B399077EAB67D51198CD5 /* Pods-Sueca.release.xcconfig */,
			);
			name = Pods;
			sourceTree = "<group>";
		};
		C57F9FAD1B216EF100C50D0C /* Card Description View */ = {
			isa = PBXGroup;
			children = (
				C57F9FA71B216EE200C50D0C /* CardDescriptionView.h */,
				C57F9FA81B216EE200C50D0C /* CardDescriptionView.m */,
				C57F9FA91B216EE200C50D0C /* CustomIOS7AlertView.h */,
				C57F9FAA1B216EE200C50D0C /* CustomIOS7AlertView.m */,
			);
			name = "Card Description View";
			sourceTree = "<group>";
		};
		C57F9FAE1B216F3E00C50D0C /* Card Rules Cell */ = {
			isa = PBXGroup;
			children = (
				C5B1FB7719F0037000088FB8 /* CardRulesCell.h */,
				C5B1FB7819F0037000088FB8 /* CardRulesCell.m */,
			);
			name = "Card Rules Cell";
			sourceTree = "<group>";
		};
		C588D2641D2C5C81004B6CB8 /* Helpers */ = {
			isa = PBXGroup;
			children = (
				C5BA12311C7195B5004BFF52 /* AppearanceHelper.h */,
				C5BA12321C7195B5004BFF52 /* AppearanceHelper.m */,
				C5BA12271C7191CC004BFF52 /* SoundManager.h */,
				C5BA12281C7191CC004BFF52 /* SoundManager.m */,
				C5BE5C1D1D321848005CFC08 /* ErrorManager.h */,
				C5BE5C1E1D321848005CFC08 /* ErrorManager.m */,
				C5CC40961D25D4AB00F6DCC6 /* Constants.h */,
			);
			name = Helpers;
			sourceTree = "<group>";
		};
		C58A6C711CDE45580054613C /* SwipeableCard */ = {
			isa = PBXGroup;
			children = (
				C5F5E7411CCF1CAE00BE8C8F /* SuecaSwipeDeterminator.h */,
				C5F5E7421CCF1CAE00BE8C8F /* SuecaSwipeDeterminator.m */,
				C58A6C6E1CDE44A40054613C /* SuecaViewAnimator.h */,
				C58A6C6F1CDE44A40054613C /* SuecaViewAnimator.m */,
				C5F5E7441CCF2B1A00BE8C8F /* CardView.h */,
				C5F5E7451CCF2B1A00BE8C8F /* CardView.m */,
				C588D26B1D2D057C004B6CB8 /* CardView.xib */,
				C588D26D1D2D0916004B6CB8 /* PromotionCardView.h */,
				C588D26E1D2D0916004B6CB8 /* PromotionCardView.m */,
			);
			name = SwipeableCard;
			sourceTree = "<group>";
		};
		C592196219D1AD190021F937 /* iRate */ = {
			isa = PBXGroup;
			children = (
				C5BA122A1C719463004BFF52 /* iRateCoordinator.h */,
				C5BA122B1C719463004BFF52 /* iRateCoordinator.m */,
				C5F3B50D19B53F2C006D6257 /* iRate.bundle */,
				C5F3B50E19B53F2C006D6257 /* iRate.h */,
				C5F3B50F19B53F2C006D6257 /* iRate.m */,
			);
			name = iRate;
			sourceTree = "<group>";
		};
		C5B4ED1F1D262DEE0086D35D /* Business */ = {
			isa = PBXGroup;
			children = (
				C5BA12341C72A4CD004BFF52 /* GameManager.h */,
				C5BA12351C72A4CD004BFF52 /* GameManager.m */,
				C5BA12371C72A581004BFF52 /* AnalyticsManager.h */,
				C5BA12381C72A581004BFF52 /* AnalyticsManager.m */,
				C588D2611D2C5C70004B6CB8 /* NotificationManager.h */,
				C588D2621D2C5C70004B6CB8 /* NotificationManager.m */,
				C588D2681D2C8028004B6CB8 /* CloudKitManager.h */,
				C588D2691D2C8028004B6CB8 /* CloudKitManager.m */,
			);
			name = Business;
			sourceTree = "<group>";
		};
		C5B4ED201D262F330086D35D /* Frameworks */ = {
			isa = PBXGroup;
			children = (
				C5D5295C1B29CFB5003542CD /* iVersion */,
				C592196219D1AD190021F937 /* iRate */,
			);
			name = Frameworks;
			sourceTree = "<group>";
		};
		C5BA8F781CCE57B50027F2B1 /* IBInspectables */ = {
			isa = PBXGroup;
			children = (
				C5BA8F751CCE579B0027F2B1 /* UIView+Rounded.h */,
				C5BA8F761CCE579B0027F2B1 /* UIView+Rounded.m */,
			);
			name = IBInspectables;
			sourceTree = "<group>";
		};
		C5BE5C0E1D2E8245005CFC08 /* Base */ = {
			isa = PBXGroup;
			children = (
				C5BA8F7A1CCE855D0027F2B1 /* TabBarController.h */,
				C5BA8F7B1CCE855D0027F2B1 /* TabBarController.m */,
			);
			name = Base;
			sourceTree = "<group>";
		};
		C5BE5C0F1D2E824A005CFC08 /* Primary */ = {
			isa = PBXGroup;
			children = (
				C5615E60181E82430033FEB3 /* GameViewController.h */,
				C5615E61181E82430033FEB3 /* GameViewController.m */,
				C5B1FB5C19EEA57000088FB8 /* DecksViewController.h */,
				C5B1FB5D19EEA57000088FB8 /* DecksViewController.m */,
				C5B1FB7419EFFC1D00088FB8 /* EditDeckTableViewController.h */,
				C5B1FB7519EFFC1D00088FB8 /* EditDeckTableViewController.m */,
			);
			name = Primary;
			sourceTree = "<group>";
		};
		C5BE5C101D2E8253005CFC08 /* Secondary */ = {
			isa = PBXGroup;
			children = (
				C5BE5C0B1D2E641E005CFC08 /* MailComposeViewController.h */,
				C5BE5C0C1D2E641E005CFC08 /* MailComposeViewController.m */,
				C5BE5C081D2E5600005CFC08 /* ShareViewController.h */,
				C5BE5C091D2E5600005CFC08 /* ShareViewController.m */,
			);
			name = Secondary;
			sourceTree = "<group>";
		};
		C5BE5C191D30A9FE005CFC08 /* Promotion View */ = {
			isa = PBXGroup;
			children = (
				C5BE5C141D30A9ED005CFC08 /* PromotionView.xib */,
				C5BE5C1A1D30AC71005CFC08 /* PromotionView.h */,
				C5BE5C1B1D30AC71005CFC08 /* PromotionView.m */,
			);
			name = "Promotion View";
			sourceTree = "<group>";
		};
		C5C5AA8918184813005A9625 = {
			isa = PBXGroup;
			children = (
				C5C5AA9B18184814005A9625 /* Sueca */,
				C5C5AAB418184814005A9625 /* SuecaTests */,
				C5C5AA9418184814005A9625 /* Frameworks */,
				C5C5AA9318184814005A9625 /* Products */,
				58D0556F022E2E416841634F /* Pods */,
			);
			sourceTree = "<group>";
			usesTabs = 1;
		};
		C5C5AA9318184814005A9625 /* Products */ = {
			isa = PBXGroup;
			children = (
				C5C5AA9218184814005A9625 /* Sueca.app */,
				C5C5AAAD18184814005A9625 /* SuecaTests.xctest */,
			);
			name = Products;
			sourceTree = "<group>";
		};
		C5C5AA9418184814005A9625 /* Frameworks */ = {
			isa = PBXGroup;
			children = (
				C588D2661D2C5CFB004B6CB8 /* CloudKit.framework */,
				C5D5294D1B2916CD003542CD /* Accounts.framework */,
				C5D5294B1B2916C6003542CD /* Social.framework */,
				C50829F81A9BA6F700081C5D /* libstdc++.6.dylib */,
				C50829F61A92908500081C5D /* libsqlite3.dylib */,
				C50829F41A92907C00081C5D /* libz.dylib */,
				C50829F21A92907100081C5D /* SystemConfiguration.framework */,
				C50829EE1A92906400081C5D /* Security.framework */,
				C50829EC1A92905100081C5D /* MobileCoreServices.framework */,
				C50829EA1A92904800081C5D /* CoreLocation.framework */,
				C50829E81A92903700081C5D /* CFNetwork.framework */,
				C50829E61A92902F00081C5D /* AudioToolbox.framework */,
				C5B1FB5719EEA1DF00088FB8 /* CoreData.framework */,
				C57CDAEE18217D1A006920A6 /* QuartzCore.framework */,
				C5615F30181E948C0033FEB3 /* CoreMotion.framework */,
				C5C5AA9518184814005A9625 /* Foundation.framework */,
				C5C5AA9718184814005A9625 /* CoreGraphics.framework */,
				C5C5AA9918184814005A9625 /* UIKit.framework */,
				375883D03AD0486903E2F7E4 /* libPods-Sueca.a */,
			);
			name = Frameworks;
			sourceTree = "<group>";
		};
		C5C5AA9B18184814005A9625 /* Sueca */ = {
			isa = PBXGroup;
			children = (
				C588D2651D2C5CB7004B6CB8 /* Sueca.entitlements */,
				C5F3B51619B54481006D6257 /* Storyboard.storyboard */,
				C5C5AAA718184814005A9625 /* Images.xcassets */,
				C5E1A3881CE0A5C000C89C21 /* Launch Screen.storyboard */,
				C5C5AAC418184837005A9625 /* View */,
				C5C5AAC51818483F005A9625 /* Controller */,
				C5B4ED1F1D262DEE0086D35D /* Business */,
				C5C5AAC61818484C005A9625 /* Model */,
				C588D2641D2C5C81004B6CB8 /* Helpers */,
				C5C5AAA418184814005A9625 /* a20AppDelegate.h */,
				C5C5AAA518184814005A9625 /* a20AppDelegate.m */,
				C5B4ED201D262F330086D35D /* Frameworks */,
				C5C5AA9C18184814005A9625 /* Supporting Files */,
			);
			path = Sueca;
			sourceTree = "<group>";
		};
		C5C5AA9C18184814005A9625 /* Supporting Files */ = {
			isa = PBXGroup;
			children = (
				C5E9B6881A3C86C200D0171A /* Sound FX */,
				C5F3B51B19B54603006D6257 /* Localizable.strings */,
				C5C5AA9D18184814005A9625 /* Sueca-Info.plist */,
				C5C5AA9E18184814005A9625 /* InfoPlist.strings */,
				C5FCFE661B88EC740034892D /* SuecaNotificationDesign.json */,
				C5C5AAA118184814005A9625 /* main.m */,
				C5C5AAA318184814005A9625 /* Sueca-Prefix.pch */,
			);
			name = "Supporting Files";
			sourceTree = "<group>";
		};
		C5C5AAB418184814005A9625 /* SuecaTests */ = {
			isa = PBXGroup;
			children = (
				C5C5AABA18184814005A9625 /* SuecaTests.m */,
				C5C5AAB518184814005A9625 /* Supporting Files */,
			);
			path = SuecaTests;
			sourceTree = "<group>";
		};
		C5C5AAB518184814005A9625 /* Supporting Files */ = {
			isa = PBXGroup;
			children = (
				C5C5AAB618184814005A9625 /* SuecaTests-Info.plist */,
				C5C5AAB718184814005A9625 /* InfoPlist.strings */,
			);
			name = "Supporting Files";
			sourceTree = "<group>";
		};
		C5C5AAC418184837005A9625 /* View */ = {
			isa = PBXGroup;
			children = (
				C5BA8F781CCE57B50027F2B1 /* IBInspectables */,
				C57F9FAE1B216F3E00C50D0C /* Card Rules Cell */,
				C58A6C711CDE45580054613C /* SwipeableCard */,
				C57F9FAD1B216EF100C50D0C /* Card Description View */,
				C5BE5C191D30A9FE005CFC08 /* Promotion View */,
			);
			name = View;
			sourceTree = "<group>";
		};
		C5C5AAC51818483F005A9625 /* Controller */ = {
			isa = PBXGroup;
			children = (
				C5BE5C0E1D2E8245005CFC08 /* Base */,
				C5BE5C0F1D2E824A005CFC08 /* Primary */,
				C5BE5C101D2E8253005CFC08 /* Secondary */,
			);
			name = Controller;
			sourceTree = "<group>";
		};
		C5C5AAC61818484C005A9625 /* Model */ = {
			isa = PBXGroup;
			children = (
				C5B1FB6E19EEC2D200088FB8 /* Card.h */,
				C5B1FB6F19EEC2D200088FB8 /* Card.m */,
				C5E9B6781A3238A600D0171A /* Deck.h */,
				C5E9B6791A3238A600D0171A /* Deck.m */,
				C5BE5C111D2F9A41005CFC08 /* Promotion.h */,
				C5BE5C121D2F9A41005CFC08 /* Promotion.m */,
				C5B1FB5919EEA21B00088FB8 /* Sueca Model.xcdatamodeld */,
			);
			name = Model;
			sourceTree = "<group>";
		};
		C5D5295C1B29CFB5003542CD /* iVersion */ = {
			isa = PBXGroup;
			children = (
				C5D529571B29CFAE003542CD /* iVersion.bundle */,
				C5D529581B29CFAE003542CD /* iVersion.h */,
				C5D529591B29CFAE003542CD /* iVersion.m */,
				C5CC40971D26053D00F6DCC6 /* iVersionCoordinator.h */,
				C5CC40981D26053D00F6DCC6 /* iVersionCoordinator.m */,
			);
			name = iVersion;
			sourceTree = "<group>";
		};
		C5E9B6881A3C86C200D0171A /* Sound FX */ = {
			isa = PBXGroup;
			children = (
				C5E9B6891A3C86E300D0171A /* cardShuffle.wav */,
				C5E9B6911A3C86E300D0171A /* cardSlide0.wav */,
				C5E9B68A1A3C86E300D0171A /* cardSlide1.wav */,
				C5E9B68B1A3C86E300D0171A /* cardSlide2.wav */,
				C5E9B68C1A3C86E300D0171A /* cardSlide3.wav */,
				C5E9B68D1A3C86E300D0171A /* cardSlide4.wav */,
				C5E9B68E1A3C86E300D0171A /* cardSlide5.wav */,
				C5E9B68F1A3C86E300D0171A /* cardSlide6.wav */,
				C5E9B6901A3C86E300D0171A /* cardSlide7.wav */,
			);
			name = "Sound FX";
			sourceTree = "<group>";
		};
/* End PBXGroup section */

/* Begin PBXNativeTarget section */
		C5C5AA9118184814005A9625 /* Sueca */ = {
			isa = PBXNativeTarget;
			buildConfigurationList = C5C5AABE18184814005A9625 /* Build configuration list for PBXNativeTarget "Sueca" */;
			buildPhases = (
				E0518D0F910671C6BEA042C2 /* [CP] Check Pods Manifest.lock */,
				C5C5AA8E18184814005A9625 /* Sources */,
				C5C5AA8F18184814005A9625 /* Frameworks */,
				C5C5AA9018184814005A9625 /* Resources */,
				C584634A1B5E57A600595B1D /* ShellScript */,
				6AB8911673DC6058E54400B5 /* [CP] Embed Pods Frameworks */,
				2927F0ABE522B178D9C199DC /* [CP] Copy Pods Resources */,
			);
			buildRules = (
			);
			dependencies = (
			);
			name = Sueca;
			productName = Sueca;
			productReference = C5C5AA9218184814005A9625 /* Sueca.app */;
			productType = "com.apple.product-type.application";
		};
		C5C5AAAC18184814005A9625 /* SuecaTests */ = {
			isa = PBXNativeTarget;
			buildConfigurationList = C5C5AAC118184814005A9625 /* Build configuration list for PBXNativeTarget "SuecaTests" */;
			buildPhases = (
				C5C5AAA918184814005A9625 /* Sources */,
				C5C5AAAA18184814005A9625 /* Frameworks */,
				C5C5AAAB18184814005A9625 /* Resources */,
			);
			buildRules = (
			);
			dependencies = (
				C5C5AAB318184814005A9625 /* PBXTargetDependency */,
			);
			name = SuecaTests;
			productName = SuecaTests;
			productReference = C5C5AAAD18184814005A9625 /* SuecaTests.xctest */;
			productType = "com.apple.product-type.bundle.unit-test";
		};
/* End PBXNativeTarget section */

/* Begin PBXProject section */
		C5C5AA8A18184813005A9625 /* Project object */ = {
			isa = PBXProject;
			attributes = {
				CLASSPREFIX = a20;
				LastUpgradeCheck = 0700;
				ORGANIZATIONNAME = "Roger Luan";
				TargetAttributes = {
					C5C5AA9118184814005A9625 = {
						DevelopmentTeam = 9M39ENBSMH;
						SystemCapabilities = {
							com.apple.BackgroundModes = {
								enabled = 1;
							};
							com.apple.InAppPurchase = {
								enabled = 0;
							};
							com.apple.iCloud = {
								enabled = 1;
							};
						};
					};
					C5C5AAAC18184814005A9625 = {
						TestTargetID = C5C5AA9118184814005A9625;
					};
				};
			};
			buildConfigurationList = C5C5AA8D18184813005A9625 /* Build configuration list for PBXProject "Sueca" */;
			compatibilityVersion = "Xcode 3.2";
			developmentRegion = English;
			hasScannedForEncodings = 0;
			knownRegions = (
				en,
				pt,
				Base,
				de,
			);
			mainGroup = C5C5AA8918184813005A9625;
			productRefGroup = C5C5AA9318184814005A9625 /* Products */;
			projectDirPath = "";
			projectRoot = "";
			targets = (
				C5C5AA9118184814005A9625 /* Sueca */,
				C5C5AAAC18184814005A9625 /* SuecaTests */,
			);
		};
/* End PBXProject section */

/* Begin PBXResourcesBuildPhase section */
		C5C5AA9018184814005A9625 /* Resources */ = {
			isa = PBXResourcesBuildPhase;
			buildActionMask = 2147483647;
			files = (
				C5E9B6931A3C86E300D0171A /* cardSlide1.wav in Resources */,
				C5E9B6971A3C86E300D0171A /* cardSlide5.wav in Resources */,
				C5E1A3891CE0A5C000C89C21 /* Launch Screen.storyboard in Resources */,
				C5FCFE671B88EC740034892D /* SuecaNotificationDesign.json in Resources */,
				C5F3B51D19B54603006D6257 /* Localizable.strings in Resources */,
				C5E9B6981A3C86E300D0171A /* cardSlide6.wav in Resources */,
				C5C5AAA018184814005A9625 /* InfoPlist.strings in Resources */,
				C5E9B6961A3C86E300D0171A /* cardSlide4.wav in Resources */,
				C588D26C1D2D057C004B6CB8 /* CardView.xib in Resources */,
				C5D5295A1B29CFAE003542CD /* iVersion.bundle in Resources */,
				C5E9B6951A3C86E300D0171A /* cardSlide3.wav in Resources */,
				C5E9B69A1A3C86E300D0171A /* cardSlide0.wav in Resources */,
				C5E9B6991A3C86E300D0171A /* cardSlide7.wav in Resources */,
				C5F3B51019B53F2C006D6257 /* iRate.bundle in Resources */,
				C5C5AAA818184814005A9625 /* Images.xcassets in Resources */,
				C5E9B6921A3C86E300D0171A /* cardShuffle.wav in Resources */,
				C5F3B51419B54481006D6257 /* Storyboard.storyboard in Resources */,
				C5E9B6941A3C86E300D0171A /* cardSlide2.wav in Resources */,
				C5BE5C151D30A9ED005CFC08 /* PromotionView.xib in Resources */,
			);
			runOnlyForDeploymentPostprocessing = 0;
		};
		C5C5AAAB18184814005A9625 /* Resources */ = {
			isa = PBXResourcesBuildPhase;
			buildActionMask = 2147483647;
			files = (
				C5C5AAB918184814005A9625 /* InfoPlist.strings in Resources */,
			);
			runOnlyForDeploymentPostprocessing = 0;
		};
/* End PBXResourcesBuildPhase section */

/* Begin PBXShellScriptBuildPhase section */
		2927F0ABE522B178D9C199DC /* [CP] Copy Pods Resources */ = {
			isa = PBXShellScriptBuildPhase;
			buildActionMask = 2147483647;
			files = (
			);
			inputPaths = (
			);
			name = "[CP] Copy Pods Resources";
			outputPaths = (
			);
			runOnlyForDeploymentPostprocessing = 0;
			shellPath = /bin/sh;
			shellScript = "\"${SRCROOT}/Pods/Target Support Files/Pods-Sueca/Pods-Sueca-resources.sh\"\n";
			showEnvVarsInLog = 0;
		};
		6AB8911673DC6058E54400B5 /* [CP] Embed Pods Frameworks */ = {
			isa = PBXShellScriptBuildPhase;
			buildActionMask = 2147483647;
			files = (
			);
			inputPaths = (
			);
			name = "[CP] Embed Pods Frameworks";
			outputPaths = (
			);
			runOnlyForDeploymentPostprocessing = 0;
			shellPath = /bin/sh;
			shellScript = "\"${SRCROOT}/Pods/Target Support Files/Pods-Sueca/Pods-Sueca-frameworks.sh\"\n";
			showEnvVarsInLog = 0;
		};
		C584634A1B5E57A600595B1D /* ShellScript */ = {
			isa = PBXShellScriptBuildPhase;
			buildActionMask = 2147483647;
			files = (
			);
			inputPaths = (
			);
			outputPaths = (
			);
			runOnlyForDeploymentPostprocessing = 0;
			shellPath = /bin/sh;
			shellScript = "\"${PODS_ROOT}/Fabric/run\" 1793337d0c666150a5665cf6d98164fa79f2bf60 deb01a809f9dce38a8a999de56f4a86bdec4751a2f0c4d324dab74dc9a4ae9af";
		};
		E0518D0F910671C6BEA042C2 /* [CP] Check Pods Manifest.lock */ = {
			isa = PBXShellScriptBuildPhase;
			buildActionMask = 2147483647;
			files = (
			);
			inputPaths = (
			);
			name = "[CP] Check Pods Manifest.lock";
			outputPaths = (
			);
			runOnlyForDeploymentPostprocessing = 0;
			shellPath = /bin/sh;
			shellScript = "diff \"${PODS_ROOT}/../Podfile.lock\" \"${PODS_ROOT}/Manifest.lock\" > /dev/null\nif [[ $? != 0 ]] ; then\n    cat << EOM\nerror: The sandbox is not in sync with the Podfile.lock. Run 'pod install' or update your CocoaPods installation.\nEOM\n    exit 1\nfi\n";
			showEnvVarsInLog = 0;
		};
/* End PBXShellScriptBuildPhase section */

/* Begin PBXSourcesBuildPhase section */
		C5C5AA8E18184814005A9625 /* Sources */ = {
			isa = PBXSourcesBuildPhase;
			buildActionMask = 2147483647;
			files = (
				C588D26A1D2C8028004B6CB8 /* CloudKitManager.m in Sources */,
				C57F9FAC1B216EE200C50D0C /* CustomIOS7AlertView.m in Sources */,
				C58A6C701CDE44A40054613C /* SuecaViewAnimator.m in Sources */,
				C5E9B67A1A3238A600D0171A /* Deck.m in Sources */,
				C5B1FB5B19EEA21B00088FB8 /* Sueca Model.xcdatamodeld in Sources */,
				C5BE5C1C1D30AC71005CFC08 /* PromotionView.m in Sources */,
				C588D2631D2C5C70004B6CB8 /* NotificationManager.m in Sources */,
				C5F3B51119B53F2C006D6257 /* iRate.m in Sources */,
				C5BA8F7C1CCE855D0027F2B1 /* TabBarController.m in Sources */,
				C588D26F1D2D0916004B6CB8 /* PromotionCardView.m in Sources */,
				C5BE5C131D2F9A41005CFC08 /* Promotion.m in Sources */,
				C5BA12361C72A4CD004BFF52 /* GameManager.m in Sources */,
				C5C5AAA618184814005A9625 /* a20AppDelegate.m in Sources */,
				C5B1FB7919F0037000088FB8 /* CardRulesCell.m in Sources */,
				C5BE5C1F1D321848005CFC08 /* ErrorManager.m in Sources */,
				C5BE5C0D1D2E641E005CFC08 /* MailComposeViewController.m in Sources */,
				C5CC40991D26053D00F6DCC6 /* iVersionCoordinator.m in Sources */,
				C5F5E7431CCF1CAE00BE8C8F /* SuecaSwipeDeterminator.m in Sources */,
				C57F9FAB1B216EE200C50D0C /* CardDescriptionView.m in Sources */,
				C5615E67181E82430033FEB3 /* GameViewController.m in Sources */,
				C5B1FB7619EFFC1D00088FB8 /* EditDeckTableViewController.m in Sources */,
				C5BA8F771CCE579B0027F2B1 /* UIView+Rounded.m in Sources */,
				C5BE5C0A1D2E5600005CFC08 /* ShareViewController.m in Sources */,
				C5BA12391C72A581004BFF52 /* AnalyticsManager.m in Sources */,
				C5C5AAA218184814005A9625 /* main.m in Sources */,
				C5BA122C1C719463004BFF52 /* iRateCoordinator.m in Sources */,
				C5F5E7461CCF2B1A00BE8C8F /* CardView.m in Sources */,
				C5B1FB7019EEC2D200088FB8 /* Card.m in Sources */,
				C5BA12291C7191CC004BFF52 /* SoundManager.m in Sources */,
				C5D5295B1B29CFAE003542CD /* iVersion.m in Sources */,
				C5BA12331C7195B5004BFF52 /* AppearanceHelper.m in Sources */,
				C5B1FB5E19EEA57000088FB8 /* DecksViewController.m in Sources */,
			);
			runOnlyForDeploymentPostprocessing = 0;
		};
		C5C5AAA918184814005A9625 /* Sources */ = {
			isa = PBXSourcesBuildPhase;
			buildActionMask = 2147483647;
			files = (
				C5C5AABB18184814005A9625 /* SuecaTests.m in Sources */,
			);
			runOnlyForDeploymentPostprocessing = 0;
		};
/* End PBXSourcesBuildPhase section */

/* Begin PBXTargetDependency section */
		C5C5AAB318184814005A9625 /* PBXTargetDependency */ = {
			isa = PBXTargetDependency;
			target = C5C5AA9118184814005A9625 /* Sueca */;
			targetProxy = C5C5AAB218184814005A9625 /* PBXContainerItemProxy */;
		};
/* End PBXTargetDependency section */

/* Begin PBXVariantGroup section */
		C5C5AA9E18184814005A9625 /* InfoPlist.strings */ = {
			isa = PBXVariantGroup;
			children = (
				C5C5AA9F18184814005A9625 /* en */,
				C5F3B51219B54409006D6257 /* pt */,
				C5E6FE321B2121CC005D70C0 /* de */,
			);
			name = InfoPlist.strings;
			sourceTree = "<group>";
		};
		C5C5AAB718184814005A9625 /* InfoPlist.strings */ = {
			isa = PBXVariantGroup;
			children = (
				C5C5AAB818184814005A9625 /* en */,
				C5F3B51319B54409006D6257 /* pt */,
				C5E6FE331B2121CC005D70C0 /* de */,
			);
			name = InfoPlist.strings;
			sourceTree = "<group>";
		};
		C5F3B51619B54481006D6257 /* Storyboard.storyboard */ = {
			isa = PBXVariantGroup;
			children = (
				C5F3B52019B551AF006D6257 /* Base */,
				C5E9B6851A3B2AD900D0171A /* en */,
				C5E9B6871A3B2ADB00D0171A /* pt */,
				C5E6FE301B2121CC005D70C0 /* de */,
			);
			name = Storyboard.storyboard;
			sourceTree = "<group>";
		};
		C5F3B51B19B54603006D6257 /* Localizable.strings */ = {
			isa = PBXVariantGroup;
			children = (
				C5F3B51C19B54603006D6257 /* en */,
				C5F3B51E19B5460F006D6257 /* pt */,
				C5E6FE311B2121CC005D70C0 /* de */,
				C5E59F851B39512600DB76BB /* Base */,
			);
			name = Localizable.strings;
			sourceTree = "<group>";
		};
/* End PBXVariantGroup section */

/* Begin XCBuildConfiguration section */
		C5C5AABC18184814005A9625 /* Debug */ = {
			isa = XCBuildConfiguration;
			buildSettings = {
				ALWAYS_SEARCH_USER_PATHS = NO;
				CLANG_CXX_LANGUAGE_STANDARD = "gnu++0x";
				CLANG_CXX_LIBRARY = "libc++";
				CLANG_ENABLE_MODULES = YES;
				CLANG_ENABLE_OBJC_ARC = YES;
				CLANG_WARN_BOOL_CONVERSION = YES;
				CLANG_WARN_CONSTANT_CONVERSION = YES;
				CLANG_WARN_DIRECT_OBJC_ISA_USAGE = YES_ERROR;
				CLANG_WARN_EMPTY_BODY = YES;
				CLANG_WARN_ENUM_CONVERSION = YES;
				CLANG_WARN_INT_CONVERSION = YES;
				CLANG_WARN_OBJC_ROOT_CLASS = YES_ERROR;
				CLANG_WARN__DUPLICATE_METHOD_MATCH = YES;
				CODE_SIGN_IDENTITY = "iPhone Developer: Roger Silva Oba (52RX7TW9VK)";
				"CODE_SIGN_IDENTITY[sdk=iphoneos*]" = "iPhone Developer: Roger Silva Oba (52RX7TW9VK)";
				COPY_PHASE_STRIP = NO;
				ENABLE_BITCODE = NO;
				ENABLE_TESTABILITY = YES;
				GCC_C_LANGUAGE_STANDARD = gnu99;
				GCC_DYNAMIC_NO_PIC = NO;
				GCC_OPTIMIZATION_LEVEL = 0;
				GCC_PREPROCESSOR_DEFINITIONS = (
					"DEBUG=1",
					"$(inherited)",
				);
				GCC_SYMBOLS_PRIVATE_EXTERN = NO;
				GCC_WARN_64_TO_32_BIT_CONVERSION = YES;
				GCC_WARN_ABOUT_RETURN_TYPE = YES_ERROR;
				GCC_WARN_UNDECLARED_SELECTOR = YES;
				GCC_WARN_UNINITIALIZED_AUTOS = YES;
				GCC_WARN_UNUSED_FUNCTION = YES;
				GCC_WARN_UNUSED_VARIABLE = YES;
				IPHONEOS_DEPLOYMENT_TARGET = 7.0;
				ONLY_ACTIVE_ARCH = YES;
				SDKROOT = iphoneos;
			};
			name = Debug;
		};
		C5C5AABD18184814005A9625 /* Release */ = {
			isa = XCBuildConfiguration;
			buildSettings = {
				ALWAYS_SEARCH_USER_PATHS = NO;
				CLANG_CXX_LANGUAGE_STANDARD = "gnu++0x";
				CLANG_CXX_LIBRARY = "libc++";
				CLANG_ENABLE_MODULES = YES;
				CLANG_ENABLE_OBJC_ARC = YES;
				CLANG_WARN_BOOL_CONVERSION = YES;
				CLANG_WARN_CONSTANT_CONVERSION = YES;
				CLANG_WARN_DIRECT_OBJC_ISA_USAGE = YES_ERROR;
				CLANG_WARN_EMPTY_BODY = YES;
				CLANG_WARN_ENUM_CONVERSION = YES;
				CLANG_WARN_INT_CONVERSION = YES;
				CLANG_WARN_OBJC_ROOT_CLASS = YES_ERROR;
				CLANG_WARN__DUPLICATE_METHOD_MATCH = YES;
				CODE_SIGN_IDENTITY = "iPhone Developer: Roger Silva Oba (52RX7TW9VK)";
				"CODE_SIGN_IDENTITY[sdk=iphoneos*]" = "iPhone Developer: Roger Silva Oba (52RX7TW9VK)";
				COPY_PHASE_STRIP = YES;
				ENABLE_BITCODE = NO;
				ENABLE_NS_ASSERTIONS = NO;
				GCC_C_LANGUAGE_STANDARD = gnu99;
				GCC_WARN_64_TO_32_BIT_CONVERSION = YES;
				GCC_WARN_ABOUT_RETURN_TYPE = YES_ERROR;
				GCC_WARN_UNDECLARED_SELECTOR = YES;
				GCC_WARN_UNINITIALIZED_AUTOS = YES;
				GCC_WARN_UNUSED_FUNCTION = YES;
				GCC_WARN_UNUSED_VARIABLE = YES;
				IPHONEOS_DEPLOYMENT_TARGET = 7.0;
				SDKROOT = iphoneos;
				VALIDATE_PRODUCT = YES;
			};
			name = Release;
		};
		C5C5AABF18184814005A9625 /* Debug */ = {
			isa = XCBuildConfiguration;
			baseConfigurationReference = 13D3B169B1A142417981D457 /* Pods-Sueca.debug.xcconfig */;
			buildSettings = {
				ASSETCATALOG_COMPILER_APPICON_NAME = AppIcon;
				ASSETCATALOG_COMPILER_LAUNCHIMAGE_NAME = LaunchImage;
				CODE_SIGN_ENTITLEMENTS = Sueca/Sueca.entitlements;
				CODE_SIGN_IDENTITY = "iPhone Developer";
				"CODE_SIGN_IDENTITY[sdk=iphoneos*]" = "iPhone Developer";
				FRAMEWORK_SEARCH_PATHS = (
					"$(inherited)",
					"$(PROJECT_DIR)",
				);
				GCC_PRECOMPILE_PREFIX_HEADER = YES;
				GCC_PREFIX_HEADER = "Sueca/Sueca-Prefix.pch";
				INFOPLIST_FILE = "Sueca/Sueca-Info.plist";
				IPHONEOS_DEPLOYMENT_TARGET = 8.0;
				PRODUCT_BUNDLE_IDENTIFIER = "Cupula-Mobile.${PRODUCT_NAME:rfc1034identifier}";
				PRODUCT_NAME = "$(TARGET_NAME)";
				PROVISIONING_PROFILE = "";
				TARGETED_DEVICE_FAMILY = 1;
				WRAPPER_EXTENSION = app;
			};
			name = Debug;
		};
		C5C5AAC018184814005A9625 /* Release */ = {
			isa = XCBuildConfiguration;
			baseConfigurationReference = 484B399077EAB67D51198CD5 /* Pods-Sueca.release.xcconfig */;
			buildSettings = {
				ASSETCATALOG_COMPILER_APPICON_NAME = AppIcon;
				ASSETCATALOG_COMPILER_LAUNCHIMAGE_NAME = LaunchImage;
				CODE_SIGN_ENTITLEMENTS = Sueca/Sueca.entitlements;
				CODE_SIGN_IDENTITY = "iPhone Developer";
				"CODE_SIGN_IDENTITY[sdk=iphoneos*]" = "iPhone Developer";
				FRAMEWORK_SEARCH_PATHS = (
					"$(inherited)",
					"$(PROJECT_DIR)",
				);
				GCC_PRECOMPILE_PREFIX_HEADER = YES;
				GCC_PREFIX_HEADER = "Sueca/Sueca-Prefix.pch";
				INFOPLIST_FILE = "Sueca/Sueca-Info.plist";
				IPHONEOS_DEPLOYMENT_TARGET = 8.0;
				PRODUCT_BUNDLE_IDENTIFIER = "Cupula-Mobile.${PRODUCT_NAME:rfc1034identifier}";
				PRODUCT_NAME = "$(TARGET_NAME)";
				PROVISIONING_PROFILE = "";
				TARGETED_DEVICE_FAMILY = 1;
				WRAPPER_EXTENSION = app;
			};
			name = Release;
		};
		C5C5AAC218184814005A9625 /* Debug */ = {
			isa = XCBuildConfiguration;
			buildSettings = {
				BUNDLE_LOADER = "$(BUILT_PRODUCTS_DIR)/Sueca.app/Sueca";
				FRAMEWORK_SEARCH_PATHS = (
					"$(SDKROOT)/Developer/Library/Frameworks",
					"$(inherited)",
					"$(DEVELOPER_FRAMEWORKS_DIR)",
				);
				GCC_PRECOMPILE_PREFIX_HEADER = YES;
				GCC_PREFIX_HEADER = "Sueca/Sueca-Prefix.pch";
				GCC_PREPROCESSOR_DEFINITIONS = (
					"DEBUG=1",
					"$(inherited)",
				);
				INFOPLIST_FILE = "SuecaTests/SuecaTests-Info.plist";
				PRODUCT_BUNDLE_IDENTIFIER = "Testing-Co..${PRODUCT_NAME:rfc1034identifier}";
				PRODUCT_NAME = "$(TARGET_NAME)";
				TEST_HOST = "$(BUNDLE_LOADER)";
				WRAPPER_EXTENSION = xctest;
			};
			name = Debug;
		};
		C5C5AAC318184814005A9625 /* Release */ = {
			isa = XCBuildConfiguration;
			buildSettings = {
				BUNDLE_LOADER = "$(BUILT_PRODUCTS_DIR)/Sueca.app/Sueca";
				FRAMEWORK_SEARCH_PATHS = (
					"$(SDKROOT)/Developer/Library/Frameworks",
					"$(inherited)",
					"$(DEVELOPER_FRAMEWORKS_DIR)",
				);
				GCC_PRECOMPILE_PREFIX_HEADER = YES;
				GCC_PREFIX_HEADER = "Sueca/Sueca-Prefix.pch";
				INFOPLIST_FILE = "SuecaTests/SuecaTests-Info.plist";
				PRODUCT_BUNDLE_IDENTIFIER = "Testing-Co..${PRODUCT_NAME:rfc1034identifier}";
				PRODUCT_NAME = "$(TARGET_NAME)";
				TEST_HOST = "$(BUNDLE_LOADER)";
				WRAPPER_EXTENSION = xctest;
			};
			name = Release;
		};
/* End XCBuildConfiguration section */

/* Begin XCConfigurationList section */
		C5C5AA8D18184813005A9625 /* Build configuration list for PBXProject "Sueca" */ = {
			isa = XCConfigurationList;
			buildConfigurations = (
				C5C5AABC18184814005A9625 /* Debug */,
				C5C5AABD18184814005A9625 /* Release */,
			);
			defaultConfigurationIsVisible = 0;
			defaultConfigurationName = Release;
		};
		C5C5AABE18184814005A9625 /* Build configuration list for PBXNativeTarget "Sueca" */ = {
			isa = XCConfigurationList;
			buildConfigurations = (
				C5C5AABF18184814005A9625 /* Debug */,
				C5C5AAC018184814005A9625 /* Release */,
			);
			defaultConfigurationIsVisible = 0;
			defaultConfigurationName = Release;
		};
		C5C5AAC118184814005A9625 /* Build configuration list for PBXNativeTarget "SuecaTests" */ = {
			isa = XCConfigurationList;
			buildConfigurations = (
				C5C5AAC218184814005A9625 /* Debug */,
				C5C5AAC318184814005A9625 /* Release */,
			);
			defaultConfigurationIsVisible = 0;
			defaultConfigurationName = Release;
		};
/* End XCConfigurationList section */

/* Begin XCVersionGroup section */
		C5B1FB5919EEA21B00088FB8 /* Sueca Model.xcdatamodeld */ = {
			isa = XCVersionGroup;
			children = (
				C5E9B6771A3237C100D0171A /* Sueca Model 2.xcdatamodel */,
				C5B1FB5A19EEA21B00088FB8 /* Sueca Model.xcdatamodel */,
			);
			currentVersion = C5E9B6771A3237C100D0171A /* Sueca Model 2.xcdatamodel */;
			path = "Sueca Model.xcdatamodeld";
			sourceTree = "<group>";
			versionGroupType = wrapper.xcdatamodel;
		};
/* End XCVersionGroup section */
	};
	rootObject = C5C5AA8A18184813005A9625 /* Project object */;
}
